{
  "name": "simple-image-proxy",
  "version": "1.0.0",
  "lockfileVersion": 3,
  "requires": true,
  "packages": {
    "": {
      "name": "simple-image-proxy",
      "version": "1.0.0",
      "license": "ISC",
      "dependencies": {
        "hono": "^4.6.5"
      }
    },
    "node_modules/hono": {
      "version": "4.6.5",
      "resolved": "https://registry.npmjs.org/hono/-/hono-4.6.5.tgz",
      "integrity": "sha512-qsmN3V5fgtwdKARGLgwwHvcdLKursMd+YOt69eGpl1dUCJb8mCd7hZfyZnBYjxCegBG7qkJRQRUy2oO25yHcyQ==",
      "engines": {
        "node": ">=16.9.0"
      }
    }
  }
}
